# This file is @generated by PDM.
# It is not intended for manual editing.

[metadata]
groups = ["default"]
strategy = ["inherit_metadata"]
lock_version = "4.5.0"
content_hash = "sha256:ad80b0c03ea69ef6b9242906faba71ab372feebe7a54897c47fa4420fc36b808"

[[metadata.targets]]
requires_python = ">=3.12.3"
